# This file is automatically @generated by Cargo.
# It is not intended for manual editing.
version = 3

[[package]]
name = "atomic-polyfill"
version = "0.1.11"
source = "registry+https://github.com/rust-lang/crates.io-index"
checksum = "e3ff7eb3f316534d83a8a2c3d1674ace8a5a71198eba31e2e2b597833f699b28"
dependencies = [
 "critical-section",
]

[[package]]
name = "autocfg"
version = "1.1.0"
source = "registry+https://github.com/rust-lang/crates.io-index"
checksum = "d468802bab17cbc0cc575e9b053f41e72aa36bfa6b7f55e3529ffa43161b97fa"

[[package]]
name = "bare-metal"
version = "0.2.5"
source = "registry+https://github.com/rust-lang/crates.io-index"
checksum = "5deb64efa5bd81e31fcd1938615a6d98c82eafcbcd787162b6f63b91d6bac5b3"
dependencies = [
 "rustc_version 0.2.3",
]

[[package]]
name = "bare-metal"
version = "1.0.0"
source = "registry+https://github.com/rust-lang/crates.io-index"
checksum = "f8fe8f5a8a398345e52358e18ff07cc17a568fbca5c6f73873d3a62056309603"

[[package]]
name = "bitfield"
version = "0.13.2"
source = "registry+https://github.com/rust-lang/crates.io-index"
checksum = "46afbd2983a5d5a7bd740ccb198caf5b82f45c40c09c0eed36052d91cb92e719"

[[package]]
name = "bitflags"
version = "1.3.2"
source = "registry+https://github.com/rust-lang/crates.io-index"
checksum = "bef38d45163c2f1dde094a7dfd33ccf595c92905c8f8f4fdc18d06fb1037718a"

[[package]]
name = "bxcan"
version = "0.7.0"
source = "registry+https://github.com/rust-lang/crates.io-index"
checksum = "40ac3d0c0a542d0ab5521211f873f62706a7136df415676f676d347e5a41dd80"
dependencies = [
 "bitflags",
 "embedded-hal",
 "nb 1.1.0",
 "vcell",
]

[[package]]
name = "byteorder"
version = "1.4.3"
source = "registry+https://github.com/rust-lang/crates.io-index"
checksum = "14c189c53d098945499cdfa7ecc63567cf3886b3332b312a5b4585d8d3a6a610"

[[package]]
name = "cobs"
version = "0.2.3"
source = "registry+https://github.com/rust-lang/crates.io-index"
checksum = "67ba02a97a2bd10f4b59b25c7973101c79642302776489e030cd13cdab09ed15"

[[package]]
name = "cortex-m"
version = "0.7.7"
source = "registry+https://github.com/rust-lang/crates.io-index"
checksum = "8ec610d8f49840a5b376c69663b6369e71f4b34484b9b2eb29fb918d92516cb9"
dependencies = [
 "bare-metal 0.2.5",
 "bitfield",
 "critical-section",
 "embedded-hal",
 "volatile-register",
]

[[package]]
name = "cortex-m-rt"
version = "0.7.3"
source = "registry+https://github.com/rust-lang/crates.io-index"
checksum = "ee84e813d593101b1723e13ec38b6ab6abbdbaaa4546553f5395ed274079ddb1"
dependencies = [
 "cortex-m-rt-macros",
]

[[package]]
name = "cortex-m-rt-macros"
version = "0.7.0"
source = "registry+https://github.com/rust-lang/crates.io-index"
checksum = "f0f6f3e36f203cfedbc78b357fb28730aa2c6dc1ab060ee5c2405e843988d3c7"
dependencies = [
 "proc-macro2",
 "quote",
 "syn 1.0.109",
]

[[package]]
name = "cortex-m-rtic"
version = "1.1.4"
source = "registry+https://github.com/rust-lang/crates.io-index"
checksum = "d696ae7390bdb9f7978f71ca7144256a2c4616240a6df9002da3c451f9fc8f02"
dependencies = [
 "bare-metal 1.0.0",
 "cortex-m",
 "cortex-m-rtic-macros",
 "heapless",
 "rtic-core",
 "rtic-monotonic",
 "version_check",
]

[[package]]
name = "cortex-m-rtic-macros"
version = "1.1.6"
source = "registry+https://github.com/rust-lang/crates.io-index"
checksum = "eefb40b1ca901c759d29526e5c8a0a1b246c20caaa5b4cc5d0f0b94debecd4c7"
dependencies = [
 "proc-macro-error",
 "proc-macro2",
 "quote",
 "rtic-syntax",
 "syn 1.0.109",
]

[[package]]
name = "critical-section"
version = "1.1.1"
source = "registry+https://github.com/rust-lang/crates.io-index"
checksum = "6548a0ad5d2549e111e1f6a11a6c2e2d00ce6a3dafe22948d67c2b443f775e52"

[[package]]
name = "defmt"
version = "0.3.4"
source = "registry+https://github.com/rust-lang/crates.io-index"
checksum = "956673bd3cb347512bf988d1e8d89ac9a82b64f6eec54d3c01c3529dac019882"
dependencies = [
 "bitflags",
 "defmt-macros",
]

[[package]]
name = "defmt-macros"
version = "0.3.4"
source = "registry+https://github.com/rust-lang/crates.io-index"
checksum = "82610855c67a4dc36299cc6bfcf140f329e4f013582531c7ba7d32512ddabc47"
dependencies = [
 "defmt-parser",
 "proc-macro-error",
 "proc-macro2",
 "quote",
 "syn 1.0.109",
]

[[package]]
name = "defmt-parser"
version = "0.3.2"
source = "registry+https://github.com/rust-lang/crates.io-index"
checksum = "e15e994575e38332cf4a2dc9dc745ff6a65695d37a41e00efadd57fcd42c1ba4"
dependencies = [
 "thiserror",
]

[[package]]
name = "defmt-rtt"
version = "0.4.0"
source = "registry+https://github.com/rust-lang/crates.io-index"
checksum = "609923761264dd99ed9c7d209718cda4631c5fe84668e0f0960124cbb844c49f"
dependencies = [
 "critical-section",
 "defmt",
]

[[package]]
name = "embedded-dma"
version = "0.2.0"
source = "registry+https://github.com/rust-lang/crates.io-index"
checksum = "994f7e5b5cb23521c22304927195f236813053eb9c065dd2226a32ba64695446"
dependencies = [
 "stable_deref_trait",
]

[[package]]
name = "embedded-hal"
version = "0.2.7"
source = "registry+https://github.com/rust-lang/crates.io-index"
checksum = "35949884794ad573cf46071e41c9b60efb0cb311e3ca01f7af807af1debc66ff"
dependencies = [
 "nb 0.1.3",
 "void",
]

[[package]]
name = "fugit"
version = "0.3.6"
source = "registry+https://github.com/rust-lang/crates.io-index"
checksum = "7ab17bb279def6720d058cb6c052249938e7f99260ab534879281a95367a87e5"
dependencies = [
 "gcd",
]

[[package]]
name = "fugit-timer"
version = "0.1.3"
source = "registry+https://github.com/rust-lang/crates.io-index"
checksum = "d9607bfc4c388f9d629704f56ede4a007546cad417b3bcd6fc7c87dc7edce04a"
dependencies = [
 "fugit",
 "nb 1.1.0",
]

[[package]]
name = "gcd"
version = "2.3.0"
source = "registry+https://github.com/rust-lang/crates.io-index"
checksum = "1d758ba1b47b00caf47f24925c0074ecb20d6dfcffe7f6d53395c0465674841a"

[[package]]
name = "hash32"
version = "0.2.1"
source = "registry+https://github.com/rust-lang/crates.io-index"
checksum = "b0c35f58762feb77d74ebe43bdbc3210f09be9fe6742234d573bacc26ed92b67"
dependencies = [
 "byteorder",
]

[[package]]
name = "hashbrown"
version = "0.12.3"
source = "registry+https://github.com/rust-lang/crates.io-index"
checksum = "8a9ee70c43aaf417c914396645a0fa852624801b24ebb7ae78fe8272889ac888"

[[package]]
name = "heapless"
version = "0.7.16"
source = "registry+https://github.com/rust-lang/crates.io-index"
checksum = "db04bc24a18b9ea980628ecf00e6c0264f3c1426dac36c00cb49b6fbad8b0743"
dependencies = [
 "atomic-polyfill",
 "defmt",
 "hash32",
 "rustc_version 0.4.0",
 "serde",
 "spin",
 "stable_deref_trait",
]

[[package]]
name = "indexmap"
version = "1.9.3"
source = "registry+https://github.com/rust-lang/crates.io-index"
checksum = "bd070e393353796e801d209ad339e89596eb4c8d430d18ede6a1cced8fafbd99"
dependencies = [
 "autocfg",
 "hashbrown",
]

[[package]]
name = "lock_api"
version = "0.4.9"
source = "registry+https://github.com/rust-lang/crates.io-index"
checksum = "435011366fe56583b16cf956f9df0095b405b82d76425bc8981c0e22e60ec4df"
dependencies = [
 "autocfg",
 "scopeguard",
]

[[package]]
name = "micromath"
version = "2.0.0"
source = "registry+https://github.com/rust-lang/crates.io-index"
checksum = "39617bc909d64b068dcffd0e3e31679195b5576d0c83fadc52690268cc2b2b55"

[[package]]
name = "nb"
version = "0.1.3"
source = "registry+https://github.com/rust-lang/crates.io-index"
checksum = "801d31da0513b6ec5214e9bf433a77966320625a37860f910be265be6e18d06f"
dependencies = [
 "nb 1.1.0",
]

[[package]]
name = "nb"
version = "1.1.0"
source = "registry+https://github.com/rust-lang/crates.io-index"
checksum = "8d5439c4ad607c3c23abf66de8c8bf57ba8adcd1f129e699851a6e43935d339d"

[[package]]
name = "opilio-lib"
version = "0.2.0"
dependencies = [
 "defmt",
 "heapless",
 "postcard",
 "serde",
]

[[package]]
name = "opilio_firmware"
version = "0.1.0"
dependencies = [
 "cortex-m",
 "cortex-m-rtic",
 "defmt",
 "defmt-rtt",
 "embedded-hal",
 "micromath",
 "opilio-lib",
 "panic-probe",
 "stm32f1xx-hal",
 "systick-monotonic",
 "usb-device",
 "usbd-serial",
]

[[package]]
name = "panic-probe"
version = "0.3.1"
source = "registry+https://github.com/rust-lang/crates.io-index"
checksum = "aa6fa5645ef5a760cd340eaa92af9c1ce131c8c09e7f8926d8a24b59d26652b9"
dependencies = [
 "cortex-m",
 "defmt",
]

[[package]]
name = "postcard"
version = "1.0.4"
source = "registry+https://github.com/rust-lang/crates.io-index"
checksum = "cfa512cd0d087cc9f99ad30a1bf64795b67871edbead083ffc3a4dfafa59aa00"
dependencies = [
 "cobs",
 "defmt",
 "heapless",
 "serde",
]

[[package]]
name = "proc-macro-error"
version = "1.0.4"
source = "registry+https://github.com/rust-lang/crates.io-index"
checksum = "da25490ff9892aab3fcf7c36f08cfb902dd3e71ca0f9f9517bea02a73a5ce38c"
dependencies = [
 "proc-macro-error-attr",
 "proc-macro2",
 "quote",
 "syn 1.0.109",
 "version_check",
]

[[package]]
name = "proc-macro-error-attr"
version = "1.0.4"
source = "registry+https://github.com/rust-lang/crates.io-index"
checksum = "a1be40180e52ecc98ad80b184934baf3d0d29f979574e439af5a55274b35f869"
dependencies = [
 "proc-macro2",
 "quote",
 "version_check",
]

[[package]]
name = "proc-macro2"
version = "1.0.56"
source = "registry+https://github.com/rust-lang/crates.io-index"
checksum = "2b63bdb0cd06f1f4dedf69b254734f9b45af66e4a031e42a7480257d9898b435"
dependencies = [
 "unicode-ident",
]

[[package]]
name = "quote"
version = "1.0.26"
source = "registry+https://github.com/rust-lang/crates.io-index"
checksum = "4424af4bf778aae2051a77b60283332f386554255d722233d09fbfc7e30da2fc"
dependencies = [
 "proc-macro2",
]

[[package]]
name = "rtic-core"
version = "1.0.0"
source = "registry+https://github.com/rust-lang/crates.io-index"
checksum = "d9369355b04d06a3780ec0f51ea2d225624db777acbc60abd8ca4832da5c1a42"

[[package]]
name = "rtic-monotonic"
version = "1.0.0"
source = "registry+https://github.com/rust-lang/crates.io-index"
checksum = "fb8b0b822d1a366470b9cea83a1d4e788392db763539dc4ba022bcc787fece82"

[[package]]
name = "rtic-syntax"
version = "1.0.3"
source = "registry+https://github.com/rust-lang/crates.io-index"
checksum = "5f5e215601dc467752c2bddc6284a622c6f3d2bab569d992adcd5ab7e4cb9478"
dependencies = [
 "indexmap",
 "proc-macro2",
 "quote",
 "syn 1.0.109",
]

[[package]]
name = "rustc_version"
version = "0.2.3"
source = "registry+https://github.com/rust-lang/crates.io-index"
checksum = "138e3e0acb6c9fb258b19b67cb8abd63c00679d2851805ea151465464fe9030a"
dependencies = [
 "semver 0.9.0",
]

[[package]]
name = "rustc_version"
version = "0.4.0"
source = "registry+https://github.com/rust-lang/crates.io-index"
checksum = "bfa0f585226d2e68097d4f95d113b15b83a82e819ab25717ec0590d9584ef366"
dependencies = [
 "semver 1.0.17",
]

[[package]]
name = "scopeguard"
version = "1.1.0"
source = "registry+https://github.com/rust-lang/crates.io-index"
checksum = "d29ab0c6d3fc0ee92fe66e2d99f700eab17a8d57d1c1d3b748380fb20baa78cd"

[[package]]
name = "semver"
version = "0.9.0"
source = "registry+https://github.com/rust-lang/crates.io-index"
checksum = "1d7eb9ef2c18661902cc47e535f9bc51b78acd254da71d375c2f6720d9a40403"
dependencies = [
 "semver-parser",
]

[[package]]
name = "semver"
version = "1.0.17"
source = "registry+https://github.com/rust-lang/crates.io-index"
checksum = "bebd363326d05ec3e2f532ab7660680f3b02130d780c299bca73469d521bc0ed"

[[package]]
name = "semver-parser"
version = "0.7.0"
source = "registry+https://github.com/rust-lang/crates.io-index"
checksum = "388a1df253eca08550bef6c72392cfe7c30914bf41df5269b68cbd6ff8f570a3"

[[package]]
name = "serde"
version = "1.0.160"
source = "registry+https://github.com/rust-lang/crates.io-index"
checksum = "bb2f3770c8bce3bcda7e149193a069a0f4365bda1fa5cd88e03bca26afc1216c"
dependencies = [
 "serde_derive",
]

[[package]]
name = "serde_derive"
version = "1.0.160"
source = "registry+https://github.com/rust-lang/crates.io-index"
checksum = "291a097c63d8497e00160b166a967a4a79c64f3facdd01cbd7502231688d77df"
dependencies = [
 "proc-macro2",
 "quote",
 "syn 2.0.15",
]

[[package]]
name = "spin"
version = "0.9.8"
source = "registry+https://github.com/rust-lang/crates.io-index"
checksum = "6980e8d7511241f8acf4aebddbb1ff938df5eebe98691418c4468d0b72a96a67"
dependencies = [
 "lock_api",
]

[[package]]
name = "stable_deref_trait"
version = "1.2.0"
source = "registry+https://github.com/rust-lang/crates.io-index"
checksum = "a8f112729512f8e442d81f95a8a7ddf2b7c6b8a1a6f509a95864142b30cab2d3"

[[package]]
name = "stm32-usbd"
version = "0.6.0"
source = "registry+https://github.com/rust-lang/crates.io-index"
checksum = "c6c94998f166d66b210a164648a0b7866428d8f1e0740bf8a4c5edd89d4750c1"
dependencies = [
 "cortex-m",
 "usb-device",
 "vcell",
]

[[package]]
name = "stm32f1"
version = "0.15.1"
source = "registry+https://github.com/rust-lang/crates.io-index"
checksum = "f2dc80735831c28fe85384e1e28428fb6d201f67c696e369a239ed9c5eba369d"
dependencies = [
 "bare-metal 1.0.0",
 "cortex-m",
 "cortex-m-rt",
 "vcell",
]

[[package]]
name = "stm32f1xx-hal"
version = "0.10.0"
source = "registry+https://github.com/rust-lang/crates.io-index"
checksum = "30845662b9ce46a2ec04da97666a2b32458bee5032bb0452d0caf1536a96a542"
dependencies = [
 "bitflags",
 "bxcan",
 "cortex-m",
 "cortex-m-rt",
 "embedded-dma",
 "embedded-hal",
 "fugit",
 "fugit-timer",
 "nb 1.1.0",
 "stm32-usbd",
 "stm32f1",
 "void",
]

[[package]]
name = "syn"
version = "1.0.109"
source = "registry+https://github.com/rust-lang/crates.io-index"
checksum = "72b64191b275b66ffe2469e8af2c1cfe3bafa67b529ead792a6d0160888b4237"
dependencies = [
 "proc-macro2",
 "quote",
 "unicode-ident",
]

[[package]]
name = "syn"
version = "2.0.15"
source = "registry+https://github.com/rust-lang/crates.io-index"
checksum = "a34fcf3e8b60f57e6a14301a2e916d323af98b0ea63c599441eec8558660c822"
dependencies = [
 "proc-macro2",
 "quote",
 "unicode-ident",
]

[[package]]
name = "systick-monotonic"
version = "1.0.1"
source = "registry+https://github.com/rust-lang/crates.io-index"
checksum = "67fb822d5c615a0ae3a4795ee5b1d06381c7faf488d861c0a4fa8e6a88d5ff84"
dependencies = [
 "cortex-m",
 "fugit",
 "rtic-monotonic",
]

[[package]]
name = "thiserror"
version = "1.0.40"
source = "registry+https://github.com/rust-lang/crates.io-index"
checksum = "978c9a314bd8dc99be594bc3c175faaa9794be04a5a5e153caba6915336cebac"
dependencies = [
 "thiserror-impl",
]

[[package]]
name = "thiserror-impl"
version = "1.0.40"
source = "registry+https://github.com/rust-lang/crates.io-index"
checksum = "f9456a42c5b0d803c8cd86e73dd7cc9edd429499f37a3550d286d5e86720569f"
dependencies = [
 "proc-macro2",
 "quote",
 "syn 2.0.15",
]

[[package]]
name = "unicode-ident"
version = "1.0.8"
source = "registry+https://github.com/rust-lang/crates.io-index"
checksum = "e5464a87b239f13a63a501f2701565754bae92d243d4bb7eb12f6d57d2269bf4"

[[package]]
name = "usb-device"
version = "0.2.9"
source = "registry+https://github.com/rust-lang/crates.io-index"
checksum = "1f6cc3adc849b5292b4075fc0d5fdcf2f24866e88e336dd27a8943090a520508"

[[package]]
name = "usbd-serial"
version = "0.1.1"
source = "registry+https://github.com/rust-lang/crates.io-index"
checksum = "db75519b86287f12dcf0d171c7cf4ecc839149fe9f3b720ac4cfce52959e1dfe"
dependencies = [
 "embedded-hal",
 "nb 0.1.3",
 "usb-device",
]

[[package]]
name = "vcell"
version = "0.1.3"
source = "registry+https://github.com/rust-lang/crates.io-index"
checksum = "77439c1b53d2303b20d9459b1ade71a83c716e3f9c34f3228c00e6f185d6c002"

[[package]]
name = "version_check"
version = "0.9.4"
source = "registry+https://github.com/rust-lang/crates.io-index"
checksum = "49874b5167b65d7193b8aba1567f5c7d93d001cafc34600cee003eda787e483f"

[[package]]
name = "void"
version = "1.0.2"
source = "registry+https://github.com/rust-lang/crates.io-index"
checksum = "6a02e4885ed3bc0f2de90ea6dd45ebcbb66dacffe03547fadbb0eeae2770887d"

[[package]]
name = "volatile-register"
version = "0.2.1"
source = "registry+https://github.com/rust-lang/crates.io-index"
checksum = "9ee8f19f9d74293faf70901bc20ad067dc1ad390d2cbf1e3f75f721ffee908b6"
dependencies = [
 "vcell",
]
